
Microsoft Visual Studio Solution File, Format Version 12.00
# Visual Studio Version 17
VisualStudioVersion = 17.5.002.0
MinimumVisualStudioVersion = 10.0.40219.1
Project("{9A19103F-16F7-4668-BE54-9A1E7A4F7556}") = "ProductApi.Mvc", "ProductApi.Mvc.csproj", "{93B49A5F-CFE4-4FAB-AB8A-D51C3886471B}"
EndProject
Global
	GlobalSection(SolutionConfigurationPlatforms) = preSolution
		Debug|Any CPU = Debug|Any CPU
		Release|Any CPU = Release|Any CPU
	EndGlobalSection
	GlobalSection(ProjectConfigurationPlatforms) = postSolution
		{93B49A5F-CFE4-4FAB-AB8A-D51C3886471B}.Debug|Any CPU.ActiveCfg = Debug|Any CPU
		{93B49A5F-CFE4-4FAB-AB8A-D51C3886471B}.Debug|Any CPU.Build.0 = Debug|Any CPU
		{93B49A5F-CFE4-4FAB-AB8A-D51C3886471B}.Release|Any CPU.ActiveCfg = Release|Any CPU
		{93B49A5F-CFE4-4FAB-AB8A-D51C3886471B}.Release|Any CPU.Build.0 = Release|Any CPU
	EndGlobalSection
	GlobalSection(SolutionProperties) = preSolution
		HideSolutionNode = FALSE
	EndGlobalSection
	GlobalSection(ExtensibilityGlobals) = postSolution
		SolutionGuid = {81136971-E9BC-4559-A5E4-ADCAE4218E32}
	EndGlobalSection
EndGlobal
